// !$*UTF8*$!
{
	archiveVersion = 1;
	classes = {
	};
	objectVersion = 56;
	objects = {

/* Begin PBXBuildFile section */
		5A151CC22C56CA420030AA72 /* landmarkData.json in Resources */ = {isa = PBXBuildFile; fileRef = 5A151CC12C56CA420030AA72 /* landmarkData.json */; };
		5A151CC42C56CA8C0030AA72 /* LandMark.swift in Sources */ = {isa = PBXBuildFile; fileRef = 5A151CC32C56CA8C0030AA72 /* LandMark.swift */; };
		5A151CC62C56D0660030AA72 /* ModelData.swift in Sources */ = {isa = PBXBuildFile; fileRef = 5A151CC52C56D0660030AA72 /* ModelData.swift */; };
		5A151CCB2C56D5F30030AA72 /* LandmarkRow.swift in Sources */ = {isa = PBXBuildFile; fileRef = 5A151CCA2C56D5F30030AA72 /* LandmarkRow.swift */; };
		5A151CCD2C56DDF30030AA72 /* LandmarkList.swift in Sources */ = {isa = PBXBuildFile; fileRef = 5A151CCC2C56DDF30030AA72 /* LandmarkList.swift */; };
		5A151CCF2C56E28E0030AA72 /* LandmarkDetail.swift in Sources */ = {isa = PBXBuildFile; fileRef = 5A151CCE2C56E28E0030AA72 /* LandmarkDetail.swift */; };
		5A37A21E2C55293D00882FFA /* LandMarksApp.swift in Sources */ = {isa = PBXBuildFile; fileRef = 5A37A21D2C55293D00882FFA /* LandMarksApp.swift */; };
		5A37A2202C55293D00882FFA /* ContentView.swift in Sources */ = {isa = PBXBuildFile; fileRef = 5A37A21F2C55293D00882FFA /* ContentView.swift */; };
		5A37A2222C55293E00882FFA /* Assets.xcassets in Resources */ = {isa = PBXBuildFile; fileRef = 5A37A2212C55293E00882FFA /* Assets.xcassets */; };
		5A37A2252C55293E00882FFA /* Preview Assets.xcassets in Resources */ = {isa = PBXBuildFile; fileRef = 5A37A2242C55293E00882FFA /* Preview Assets.xcassets */; };
		5A37A22C2C552FB000882FFA /* CircleImage.swift in Sources */ = {isa = PBXBuildFile; fileRef = 5A37A22B2C552FB000882FFA /* CircleImage.swift */; };
		5A37A22E2C5530FC00882FFA /* MapView.swift in Sources */ = {isa = PBXBuildFile; fileRef = 5A37A22D2C5530FC00882FFA /* MapView.swift */; };
/* End PBXBuildFile section */

/* Begin PBXFileReference section */
		5A151CC12C56CA420030AA72 /* landmarkData.json */ = {isa = PBXFileReference; fileEncoding = 4; lastKnownFileType = text.json; path = landmarkData.json; sourceTree = "<group>"; };
		5A151CC32C56CA8C0030AA72 /* LandMark.swift */ = {isa = PBXFileReference; lastKnownFileType = sourcecode.swift; path = LandMark.swift; sourceTree = "<group>"; };
		5A151CC52C56D0660030AA72 /* ModelData.swift */ = {isa = PBXFileReference; lastKnownFileType = sourcecode.swift; path = ModelData.swift; sourceTree = "<group>"; };
		5A151CCA2C56D5F30030AA72 /* LandmarkRow.swift */ = {isa = PBXFileReference; lastKnownFileType = sourcecode.swift; path = LandmarkRow.swift; sourceTree = "<group>"; };
		5A151CCC2C56DDF30030AA72 /* LandmarkList.swift */ = {isa = PBXFileReference; lastKnownFileType = sourcecode.swift; path = LandmarkList.swift; sourceTree = "<group>"; };
		5A151CCE2C56E28E0030AA72 /* LandmarkDetail.swift */ = {isa = PBXFileReference; lastKnownFileType = sourcecode.swift; path = LandmarkDetail.swift; sourceTree = "<group>"; };
		5A37A21A2C55293D00882FFA /* LandMarks.app */ = {isa = PBXFileReference; explicitFileType = wrapper.application; includeInIndex = 0; path = LandMarks.app; sourceTree = BUILT_PRODUCTS_DIR; };
		5A37A21D2C55293D00882FFA /* LandMarksApp.swift */ = {isa = PBXFileReference; lastKnownFileType = sourcecode.swift; path = LandMarksApp.swift; sourceTree = "<group>"; };
		5A37A21F2C55293D00882FFA /* ContentView.swift */ = {isa = PBXFileReference; lastKnownFileType = sourcecode.swift; path = ContentView.swift; sourceTree = "<group>"; };
		5A37A2212C55293E00882FFA /* Assets.xcassets */ = {isa = PBXFileReference; lastKnownFileType = folder.assetcatalog; path = Assets.xcassets; sourceTree = "<group>"; };
		5A37A2242C55293E00882FFA /* Preview Assets.xcassets */ = {isa = PBXFileReference; lastKnownFileType = folder.assetcatalog; path = "Preview Assets.xcassets"; sourceTree = "<group>"; };
		5A37A22B2C552FB000882FFA /* CircleImage.swift */ = {isa = PBXFileReference; lastKnownFileType = sourcecode.swift; path = CircleImage.swift; sourceTree = "<group>"; };
		5A37A22D2C5530FC00882FFA /* MapView.swift */ = {isa = PBXFileReference; lastKnownFileType = sourcecode.swift; path = MapView.swift; sourceTree = "<group>"; };
		5A37A22F2C55324F00882FFA /* Info.plist */ = {isa = PBXFileReference; lastKnownFileType = text.plist; path = Info.plist; sourceTree = "<group>"; };
/* End PBXFileReference section */

/* Begin PBXFrameworksBuildPhase section */
		5A37A2172C55293D00882FFA /* Frameworks */ = {
			isa = PBXFrameworksBuildPhase;
			buildActionMask = 2147483647;
			files = (
			);
			runOnlyForDeploymentPostprocessing = 0;
		};
/* End PBXFrameworksBuildPhase section */

/* Begin PBXGroup section */
		5A151CC72C56D4E30030AA72 /* Model */ = {
			isa = PBXGroup;
			children = (
				5A151CC32C56CA8C0030AA72 /* LandMark.swift */,
				5A151CC52C56D0660030AA72 /* ModelData.swift */,
			);
			path = Model;
			sourceTree = "<group>";
		};
		5A151CC82C56D4E80030AA72 /* Views */ = {
			isa = PBXGroup;
			children = (
				5A37A21F2C55293D00882FFA /* ContentView.swift */,
				5A37A22B2C552FB000882FFA /* CircleImage.swift */,
				5A37A22D2C5530FC00882FFA /* MapView.swift */,
				5A151CCA2C56D5F30030AA72 /* LandmarkRow.swift */,
				5A151CCC2C56DDF30030AA72 /* LandmarkList.swift */,
				5A151CCE2C56E28E0030AA72 /* LandmarkDetail.swift */,
			);
			path = Views;
			sourceTree = "<group>";
		};
		5A151CC92C56D4F20030AA72 /* Resources */ = {
			isa = PBXGroup;
			children = (
				5A151CC12C56CA420030AA72 /* landmarkData.json */,
			);
			path = Resources;
			sourceTree = "<group>";
		};
		5A37A2112C55293D00882FFA = {
			isa = PBXGroup;
			children = (
				5A37A21C2C55293D00882FFA /* LandMarks */,
				5A37A21B2C55293D00882FFA /* Products */,
			);
			sourceTree = "<group>";
		};
		5A37A21B2C55293D00882FFA /* Products */ = {
			isa = PBXGroup;
			children = (
				5A37A21A2C55293D00882FFA /* LandMarks.app */,
			);
			name = Products;
			sourceTree = "<group>";
		};
		5A37A21C2C55293D00882FFA /* LandMarks */ = {
			isa = PBXGroup;
			children = (
				5A37A21D2C55293D00882FFA /* LandMarksApp.swift */,
				5A151CC82C56D4E80030AA72 /* Views */,
				5A151CC72C56D4E30030AA72 /* Model */,
				5A151CC92C56D4F20030AA72 /* Resources */,
				5A37A2212C55293E00882FFA /* Assets.xcassets */,
				5A37A22F2C55324F00882FFA /* Info.plist */,
				5A37A2232C55293E00882FFA /* Preview Content */,
			);
			path = LandMarks;
			sourceTree = "<group>";
		};
		5A37A2232C55293E00882FFA /* Preview Content */ = {
			isa = PBXGroup;
			children = (
				5A37A2242C55293E00882FFA /* Preview Assets.xcassets */,
			);
			path = "Preview Content";
			sourceTree = "<group>";
		};
/* End PBXGroup section */

/* Begin PBXNativeTarget section */
		5A37A2192C55293D00882FFA /* LandMarks */ = {
			isa = PBXNativeTarget;
			buildConfigurationList = 5A37A2282C55293E00882FFA /* Build configuration list for PBXNativeTarget "LandMarks" */;
			buildPhases = (
				5A37A2162C55293D00882FFA /* Sources */,
				5A37A2172C55293D00882FFA /* Frameworks */,
				5A37A2182C55293D00882FFA /* Resources */,
			);
			buildRules = (
			);
			dependencies = (
			);
			name = LandMarks;
			productName = LandMarks;
			productReference = 5A37A21A2C55293D00882FFA /* LandMarks.app */;
			productType = "com.apple.product-type.application";
		};
/* End PBXNativeTarget section */

/* Begin PBXProject section */
		5A37A2122C55293D00882FFA /* Project object */ = {
			isa = PBXProject;
			attributes = {
				BuildIndependentTargetsInParallel = 1;
				LastSwiftUpdateCheck = 1540;
				LastUpgradeCheck = 1540;
				TargetAttributes = {
					5A37A2192C55293D00882FFA = {
						CreatedOnToolsVersion = 15.4;
					};
				};
			};
			buildConfigurationList = 5A37A2152C55293D00882FFA /* Build configuration list for PBXProject "LandMarks" */;
			compatibilityVersion = "Xcode 14.0";
			developmentRegion = en;
			hasScannedForEncodings = 0;
			knownRegions = (
				en,
				Base,
			);
			mainGroup = 5A37A2112C55293D00882FFA;
			productRefGroup = 5A37A21B2C55293D00882FFA /* Products */;
			projectDirPath = "";
			projectRoot = "";
			targets = (
				5A37A2192C55293D00882FFA /* LandMarks */,
			);
		};
/* End PBXProject section */

/* Begin PBXResourcesBuildPhase section */
		5A37A2182C55293D00882FFA /* Resources */ = {
			isa = PBXResourcesBuildPhase;
			buildActionMask = 2147483647;
			files = (
				5A37A2252C55293E00882FFA /* Preview Assets.xcassets in Resources */,
				5A37A2222C55293E00882FFA /* Assets.xcassets in Resources */,
				5A151CC22C56CA420030AA72 /* landmarkData.json in Resources */,
			);
			runOnlyForDeploymentPostprocessing = 0;
		};
/* End PBXResourcesBuildPhase section */

/* Begin PBXSourcesBuildPhase section */
		5A37A2162C55293D00882FFA /* Sources */ = {
			isa = PBXSourcesBuildPhase;
			buildActionMask = 2147483647;
			files = (
				5A37A2202C55293D00882FFA /* ContentView.swift in Sources */,
				5A151CC42C56CA8C0030AA72 /* LandMark.swift in Sources */,
				5A37A22E2C5530FC00882FFA /* MapView.swift in Sources */,
				5A151CCD2C56DDF30030AA72 /* LandmarkList.swift in Sources */,
				5A151CCF2C56E28E0030AA72 /* LandmarkDetail.swift in Sources */,
				5A37A21E2C55293D00882FFA /* LandMarksApp.swift in Sources */,
				5A37A22C2C552FB000882FFA /* CircleImage.swift in Sources */,
				5A151CCB2C56D5F30030AA72 /* LandmarkRow.swift in Sources */,
				5A151CC62C56D0660030AA72 /* ModelData.swift in Sources */,
			);
			runOnlyForDeploymentPostprocessing = 0;
		};
/* End PBXSourcesBuildPhase section */

/* Begin XCBuildConfiguration section */
		5A37A2262C55293E00882FFA /* Debug */ = {
			isa = XCBuildConfiguration;
			buildSettings = {
				ALWAYS_SEARCH_USER_PATHS = NO;
				ASSETCATALOG_COMPILER_GENERATE_SWIFT_ASSET_SYMBOL_EXTENSIONS = YES;
				CLANG_ANALYZER_NONNULL = YES;
				CLANG_ANALYZER_NUMBER_OBJECT_CONVERSION = YES_AGGRESSIVE;
				CLANG_CXX_LANGUAGE_STANDARD = "gnu++20";
				CLANG_ENABLE_MODULES = YES;
				CLANG_ENABLE_OBJC_ARC = YES;
				CLANG_ENABLE_OBJC_WEAK = YES;
				CLANG_WARN_BLOCK_CAPTURE_AUTORELEASING = YES;
				CLANG_WARN_BOOL_CONVERSION = YES;
				CLANG_WARN_COMMA = YES;
				CLANG_WARN_CONSTANT_CONVERSION = YES;
				CLANG_WARN_DEPRECATED_OBJC_IMPLEMENTATIONS = YES;
				CLANG_WARN_DIRECT_OBJC_ISA_USAGE = YES_ERROR;
				CLANG_WARN_DOCUMENTATION_COMMENTS = YES;
				CLANG_WARN_EMPTY_BODY = YES;
				CLANG_WARN_ENUM_CONVERSION = YES;
				CLANG_WARN_INFINITE_RECURSION = YES;
				CLANG_WARN_INT_CONVERSION = YES;
				CLANG_WARN_NON_LITERAL_NULL_CONVERSION = YES;
				CLANG_WARN_OBJC_IMPLICIT_RETAIN_SELF = YES;
				CLANG_WARN_OBJC_LITERAL_CONVERSION = YES;
				CLANG_WARN_OBJC_ROOT_CLASS = YES_ERROR;
				CLANG_WARN_QUOTED_INCLUDE_IN_FRAMEWORK_HEADER = YES;
				CLANG_WARN_RANGE_LOOP_ANALYSIS = YES;
				CLANG_WARN_STRICT_PROTOTYPES = YES;
				CLANG_WARN_SUSPICIOUS_MOVE = YES;
				CLANG_WARN_UNGUARDED_AVAILABILITY = YES_AGGRESSIVE;
				CLANG_WARN_UNREACHABLE_CODE = YES;
				CLANG_WARN__DUPLICATE_METHOD_MATCH = YES;
				COPY_PHASE_STRIP = NO;
				DEBUG_INFORMATION_FORMAT = dwarf;
				ENABLE_STRICT_OBJC_MSGSEND = YES;
				ENABLE_TESTABILITY = YES;
				ENABLE_USER_SCRIPT_SANDBOXING = YES;
				GCC_C_LANGUAGE_STANDARD = gnu17;
				GCC_DYNAMIC_NO_PIC = NO;
				GCC_NO_COMMON_BLOCKS = YES;
				GCC_OPTIMIZATION_LEVEL = 0;
				GCC_PREPROCESSOR_DEFINITIONS = (
					"DEBUG=1",
					"$(inherited)",
				);
				GCC_WARN_64_TO_32_BIT_CONVERSION = YES;
				GCC_WARN_ABOUT_RETURN_TYPE = YES_ERROR;
				GCC_WARN_UNDECLARED_SELECTOR = YES;
				GCC_WARN_UNINITIALIZED_AUTOS = YES_AGGRESSIVE;
				GCC_WARN_UNUSED_FUNCTION = YES;
				GCC_WARN_UNUSED_VARIABLE = YES;
				IPHONEOS_DEPLOYMENT_TARGET = 17.5;
				LOCALIZATION_PREFERS_STRING_CATALOGS = YES;
				MTL_ENABLE_DEBUG_INFO = INCLUDE_SOURCE;
				MTL_FAST_MATH = YES;
				ONLY_ACTIVE_ARCH = YES;
				SDKROOT = iphoneos;
				SWIFT_ACTIVE_COMPILATION_CONDITIONS = "DEBUG $(inherited)";
				SWIFT_OPTIMIZATION_LEVEL = "-Onone";
			};
			name = Debug;
		};
		5A37A2272C55293E00882FFA /* Release */ = {
			isa = XCBuildConfiguration;
			buildSettings = {
				ALWAYS_SEARCH_USER_PATHS = NO;
				ASSETCATALOG_COMPILER_GENERATE_SWIFT_ASSET_SYMBOL_EXTENSIONS = YES;
				CLANG_ANALYZER_NONNULL = YES;
				CLANG_ANALYZER_NUMBER_OBJECT_CONVERSION = YES_AGGRESSIVE;
				CLANG_CXX_LANGUAGE_STANDARD = "gnu++20";
				CLANG_ENABLE_MODULES = YES;
				CLANG_ENABLE_OBJC_ARC = YES;
				CLANG_ENABLE_OBJC_WEAK = YES;
				CLANG_WARN_BLOCK_CAPTURE_AUTORELEASING = YES;
				CLANG_WARN_BOOL_CONVERSION = YES;
				CLANG_WARN_COMMA = YES;
				CLANG_WARN_CONSTANT_CONVERSION = YES;
				CLANG_WARN_DEPRECATED_OBJC_IMPLEMENTATIONS = YES;
				CLANG_WARN_DIRECT_OBJC_ISA_USAGE = YES_ERROR;
				CLANG_WARN_DOCUMENTATION_COMMENTS = YES;
				CLANG_WARN_EMPTY_BODY = YES;
				CLANG_WARN_ENUM_CONVERSION = YES;
				CLANG_WARN_INFINITE_RECURSION = YES;
				CLANG_WARN_INT_CONVERSION = YES;
				CLANG_WARN_NON_LITERAL_NULL_CONVERSION = YES;
				CLANG_WARN_OBJC_IMPLICIT_RETAIN_SELF = YES;
				CLANG_WARN_OBJC_LITERAL_CONVERSION = YES;
				CLANG_WARN_OBJC_ROOT_CLASS = YES_ERROR;
				CLANG_WARN_QUOTED_INCLUDE_IN_FRAMEWORK_HEADER = YES;
				CLANG_WARN_RANGE_LOOP_ANALYSIS = YES;
				CLANG_WARN_STRICT_PROTOTYPES = YES;
				CLANG_WARN_SUSPICIOUS_MOVE = YES;
				CLANG_WARN_UNGUARDED_AVAILABILITY = YES_AGGRESSIVE;
				CLANG_WARN_UNREACHABLE_CODE = YES;
				CLANG_WARN__DUPLICATE_METHOD_MATCH = YES;
				COPY_PHASE_STRIP = NO;
				DEBUG_INFORMATION_FORMAT = "dwarf-with-dsym";
				ENABLE_NS_ASSERTIONS = NO;
				ENABLE_STRICT_OBJC_MSGSEND = YES;
				ENABLE_USER_SCRIPT_SANDBOXING = YES;
				GCC_C_LANGUAGE_STANDARD = gnu17;
				GCC_NO_COMMON_BLOCKS = YES;
				GCC_WARN_64_TO_32_BIT_CONVERSION = YES;
				GCC_WARN_ABOUT_RETURN_TYPE = YES_ERROR;
				GCC_WARN_UNDECLARED_SELECTOR = YES;
				GCC_WARN_UNINITIALIZED_AUTOS = YES_AGGRESSIVE;
				GCC_WARN_UNUSED_FUNCTION = YES;
				GCC_WARN_UNUSED_VARIABLE = YES;
				IPHONEOS_DEPLOYMENT_TARGET = 17.5;
				LOCALIZATION_PREFERS_STRING_CATALOGS = YES;
				MTL_ENABLE_DEBUG_INFO = NO;
				MTL_FAST_MATH = YES;
				SDKROOT = iphoneos;
				SWIFT_COMPILATION_MODE = wholemodule;
				VALIDATE_PRODUCT = YES;
			};
			name = Release;
		};
		5A37A2292C55293E00882FFA /* Debug */ = {
			isa = XCBuildConfiguration;
			buildSettings = {
				ASSETCATALOG_COMPILER_APPICON_NAME = AppIcon;
				ASSETCATALOG_COMPILER_GLOBAL_ACCENT_COLOR_NAME = AccentColor;
				CODE_SIGN_STYLE = Automatic;
				CURRENT_PROJECT_VERSION = 1;
				DEVELOPMENT_ASSET_PATHS = "\"LandMarks/Preview Content\"";
				DEVELOPMENT_TEAM = AB2Q682787;
				ENABLE_PREVIEWS = YES;
				GENERATE_INFOPLIST_FILE = YES;
				INFOPLIST_FILE = LandMarks/Info.plist;
				INFOPLIST_KEY_NSLocationWhenInUseUsageDescription = "Show the user location";
				INFOPLIST_KEY_UIApplicationSceneManifest_Generation = YES;
				INFOPLIST_KEY_UIApplicationSupportsIndirectInputEvents = YES;
				INFOPLIST_KEY_UILaunchScreen_Generation = YES;
				INFOPLIST_KEY_UISupportedInterfaceOrientations_iPad = "UIInterfaceOrientationPortrait UIInterfaceOrientationPortraitUpsideDown UIInterfaceOrientationLandscapeLeft UIInterfaceOrientationLandscapeRight";
				INFOPLIST_KEY_UISupportedInterfaceOrientations_iPhone = "UIInterfaceOrientationPortrait UIInterfaceOrientationLandscapeLeft UIInterfaceOrientationLandscapeRight";
				LD_RUNPATH_SEARCH_PATHS = (
					"$(inherited)",
					"@executable_path/Frameworks",
				);
				MARKETING_VERSION = 1.0;
				PRODUCT_BUNDLE_IDENTIFIER = com.batuhan.LandMarks;
				PRODUCT_NAME = "$(TARGET_NAME)";
				SWIFT_EMIT_LOC_STRINGS = YES;
				SWIFT_VERSION = 5.0;
				TARGETED_DEVICE_FAMILY = "1,2";
			};
			name = Debug;
		};
		5A37A22A2C55293E00882FFA /* Release */ = {
			isa = XCBuildConfiguration;
			buildSettings = {
				ASSETCATALOG_COMPILER_APPICON_NAME = AppIcon;
				ASSETCATALOG_COMPILER_GLOBAL_ACCENT_COLOR_NAME = AccentColor;
				CODE_SIGN_STYLE = Automatic;
				CURRENT_PROJECT_VERSION = 1;
				DEVELOPMENT_ASSET_PATHS = "\"LandMarks/Preview Content\"";
				DEVELOPMENT_TEAM = AB2Q682787;
				ENABLE_PREVIEWS = YES;
				GENERATE_INFOPLIST_FILE = YES;
				INFOPLIST_FILE = LandMarks/Info.plist;
				INFOPLIST_KEY_NSLocationWhenInUseUsageDescription = "Show the user location";
				INFOPLIST_KEY_UIApplicationSceneManifest_Generation = YES;
				INFOPLIST_KEY_UIApplicationSupportsIndirectInputEvents = YES;
				INFOPLIST_KEY_UILaunchScreen_Generation = YES;
				INFOPLIST_KEY_UISupportedInterfaceOrientations_iPad = "UIInterfaceOrientationPortrait UIInterfaceOrientationPortraitUpsideDown UIInterfaceOrientationLandscapeLeft UIInterfaceOrientationLandscapeRight";
				INFOPLIST_KEY_UISupportedInterfaceOrientations_iPhone = "UIInterfaceOrientationPortrait UIInterfaceOrientationLandscapeLeft UIInterfaceOrientationLandscapeRight";
				LD_RUNPATH_SEARCH_PATHS = (
					"$(inherited)",
					"@executable_path/Frameworks",
				);
				MARKETING_VERSION = 1.0;
				PRODUCT_BUNDLE_IDENTIFIER = com.batuhan.LandMarks;
				PRODUCT_NAME = "$(TARGET_NAME)";
				SWIFT_EMIT_LOC_STRINGS = YES;
				SWIFT_VERSION = 5.0;
				TARGETED_DEVICE_FAMILY = "1,2";
			};
			name = Release;
		};
/* End XCBuildConfiguration section */

/* Begin XCConfigurationList section */
		5A37A2152C55293D00882FFA /* Build configuration list for PBXProject "LandMarks" */ = {
			isa = XCConfigurationList;
			buildConfigurations = (
				5A37A2262C55293E00882FFA /* Debug */,
				5A37A2272C55293E00882FFA /* Release */,
			);
			defaultConfigurationIsVisible = 0;
			defaultConfigurationName = Release;
		};
		5A37A2282C55293E00882FFA /* Build configuration list for PBXNativeTarget "LandMarks" */ = {
			isa = XCConfigurationList;
			buildConfigurations = (
				5A37A2292C55293E00882FFA /* Debug */,
				5A37A22A2C55293E00882FFA /* Release */,
			);
			defaultConfigurationIsVisible = 0;
			defaultConfigurationName = Release;
		};
/* End XCConfigurationList section */
	};
	rootObject = 5A37A2122C55293D00882FFA /* Project object */;
}
